
Microsoft Visual Studio Solution File, Format Version 12.00
# Visual Studio 15
VisualStudioVersion = 15.0.28307.106
MinimumVisualStudioVersion = 10.0.40219.1
Project("{FAE04EC0-301F-11D3-BF4B-00C04F79EFBC}") = "AppiumUIA", "AppiumUIA.csproj", "{CDAD95FD-BD11-4F30-8D3D-25AEA77FEC27}"
EndProject
Global
	GlobalSection(SolutionConfigurationPlatforms) = preSolution
		Debug|Any CPU = Debug|Any CPU
		Release|Any CPU = Release|Any CPU
	EndGlobalSection
	GlobalSection(ProjectConfigurationPlatforms) = postSolution
		{CDAD95FD-BD11-4F30-8D3D-25AEA77FEC27}.Debug|Any CPU.ActiveCfg = Debug|Any CPU
		{CDAD95FD-BD11-4F30-8D3D-25AEA77FEC27}.Debug|Any CPU.Build.0 = Debug|Any CPU
		{CDAD95FD-BD11-4F30-8D3D-25AEA77FEC27}.Release|Any CPU.ActiveCfg = Release|Any CPU
		{CDAD95FD-BD11-4F30-8D3D-25AEA77FEC27}.Release|Any CPU.Build.0 = Release|Any CPU
	EndGlobalSection
	GlobalSection(SolutionProperties) = preSolution
		HideSolutionNode = FALSE
	EndGlobalSection
	GlobalSection(ExtensibilityGlobals) = postSolution
		SolutionGuid = {F106145B-D18F-49EE-B93B-A7E9BD273499}
	EndGlobalSection
EndGlobal
